
Microsoft Visual Studio Solution File, Format Version 11.00
# Visual Studio 2010
Project("{FAE04EC0-301F-11D3-BF4B-00C04F79EFBC}") = "Assembly-CSharp", "Assembly-CSharp.csproj", "{A90D626C-64BC-B211-7D3E-A33199924117}"
EndProject
Global
	GlobalSection(SolutionConfigurationPlatforms) = preSolution
		Debug|Any CPU = Debug|Any CPU
		Release|Any CPU = Release|Any CPU
	EndGlobalSection
	GlobalSection(ProjectConfigurationPlatforms) = postSolution
		{A90D626C-64BC-B211-7D3E-A33199924117}.Debug|Any CPU.ActiveCfg = Debug|Any CPU
		{A90D626C-64BC-B211-7D3E-A33199924117}.Debug|Any CPU.Build.0 = Debug|Any CPU
		{A90D626C-64BC-B211-7D3E-A33199924117}.Release|Any CPU.ActiveCfg = Release|Any CPU
		{A90D626C-64BC-B211-7D3E-A33199924117}.Release|Any CPU.Build.0 = Release|Any CPU
	EndGlobalSection
	GlobalSection(SolutionProperties) = preSolution
		HideSolutionNode = FALSE
	EndGlobalSection
EndGlobal
